%{"corman": {:git, "git://github.com/EchoTeam/corman.git", "e3c4c9f602441b4d9b8f9f8ea2813b3d791ec9e1", [branch: "master"]},
  "cowboy": {:hex, :cowboy, "1.0.2", "876a2f63eaa5da5bd0610569d6402cabef8b3f48171233c11cfeee9f37d1f0c9", [:rebar], [{:cowlib, "~> 1.0.0", [hex: :cowlib, optional: false]}, {:ranch, "~> 1.0", [hex: :ranch, optional: false]}]},
  "cowlib": {:hex, :cowlib, "1.0.1", "175a633c472058bbeb1b238a6409766a48b52b43b7b687ed70f03cf6e854b7d9", [:make], []},
  "dht_ring": {:git, "git://github.com/EchoTeam/dht_ring.git", "d5b880ad76aefc81547dbb76b48a97a01d52ff41", [branch: "master"]},
  "earmark": {:hex, :earmark, "1.2.3", "206eb2e2ac1a794aa5256f3982de7a76bf4579ff91cb28d0e17ea2c9491e46a4", [:mix], []},
  "ex_doc": {:hex, :ex_doc, "0.16.2", "3b3e210ebcd85a7c76b4e73f85c5640c011d2a0b2f06dcdf5acdb2ae904e5084", [:mix], [{:earmark, "~> 1.1", [hex: :earmark, optional: false]}]},
  "goldrush": {:git, "git://github.com/DeadZen/goldrush.git", "1d883423ac360b3536ca52dc733a0164bacf3109", [tag: "0.1.5"]},
  "lager": {:git, "git://github.com/basho/lager.git", "ad400896af5b1ad8b4f7a4d34e609b5a990640bb", [tag: "2.0.1"]},
  "mcd": {:git, "https://github.com/EchoTeam/mcd.git", "4a282234795ecb31f93f59fbaea7940276a0a179", []},
  "plug": {:hex, :plug, "0.13.0", "2fed890715c53a2e47a8c410fac5b198770aa7abe996cf85cd496c3492dc4bc8", [:mix], [{:cowboy, "~> 1.0", [hex: :cowboy, optional: true]}]},
  "ranch": {:hex, :ranch, "1.1.0", "f7ed6d97db8c2a27cca85cacbd543558001fc5a355e93a7bff1e9a9065a8545b", [:make], []}}
